
Microsoft Visual Studio Solution File, Format Version 12.00
# Visual Studio 15
VisualStudioVersion = 15.0.28307.1082
MinimumVisualStudioVersion = 10.0.40219.1
Project("{FAE04EC0-301F-11D3-BF4B-00C04F79EFBC}") = "BooksLibrary", "BooksLibrary\BooksLibrary.csproj", "{272C3436-68E3-4A28-984A-208AC158B25D}"
EndProject
Global
	GlobalSection(SolutionConfigurationPlatforms) = preSolution
		Debug|Any CPU = Debug|Any CPU
		Release|Any CPU = Release|Any CPU
	EndGlobalSection
	GlobalSection(ProjectConfigurationPlatforms) = postSolution
		{272C3436-68E3-4A28-984A-208AC158B25D}.Debug|Any CPU.ActiveCfg = Debug|Any CPU
		{272C3436-68E3-4A28-984A-208AC158B25D}.Debug|Any CPU.Build.0 = Debug|Any CPU
		{272C3436-68E3-4A28-984A-208AC158B25D}.Release|Any CPU.ActiveCfg = Release|Any CPU
		{272C3436-68E3-4A28-984A-208AC158B25D}.Release|Any CPU.Build.0 = Release|Any CPU
	EndGlobalSection
	GlobalSection(SolutionProperties) = preSolution
		HideSolutionNode = FALSE
	EndGlobalSection
	GlobalSection(ExtensibilityGlobals) = postSolution
		SolutionGuid = {76750117-6836-4EAB-940C-53AE90311703}
	EndGlobalSection
EndGlobal
